// !$*UTF8*$!
{
	archiveVersion = 1;
	classes = {
	};
	objectVersion = 51;
	objects = {

/* Begin PBXBuildFile section */
		16540B4B2545A6510052AF00 /* AppDelegate.swift in Sources */ = {isa = PBXBuildFile; fileRef = 16540B4A2545A6510052AF00 /* AppDelegate.swift */; };
		16540B4D2545A6510052AF00 /* SceneDelegate.swift in Sources */ = {isa = PBXBuildFile; fileRef = 16540B4C2545A6510052AF00 /* SceneDelegate.swift */; };
		16540B522545A6510052AF00 /* Main.storyboard in Resources */ = {isa = PBXBuildFile; fileRef = 16540B502545A6510052AF00 /* Main.storyboard */; };
		16540B542545A6540052AF00 /* Assets.xcassets in Resources */ = {isa = PBXBuildFile; fileRef = 16540B532545A6540052AF00 /* Assets.xcassets */; };
		16540B572545A6540052AF00 /* LaunchScreen.storyboard in Resources */ = {isa = PBXBuildFile; fileRef = 16540B552545A6540052AF00 /* LaunchScreen.storyboard */; };
		16540B652545D9920052AF00 /* UsersListViewController.swift in Sources */ = {isa = PBXBuildFile; fileRef = 16540B642545D9920052AF00 /* UsersListViewController.swift */; };
		16540B672545D9C90052AF00 /* usersDataSource.swift in Sources */ = {isa = PBXBuildFile; fileRef = 16540B662545D9C90052AF00 /* usersDataSource.swift */; };
		16540B6A2545DA820052AF00 /* User.swift in Sources */ = {isa = PBXBuildFile; fileRef = 16540B692545DA820052AF00 /* User.swift */; };
		16540B74254624DF0052AF00 /* UserTableViewCell.swift in Sources */ = {isa = PBXBuildFile; fileRef = 16540B72254624DF0052AF00 /* UserTableViewCell.swift */; };
		16540B75254624DF0052AF00 /* UserTableViewCell.xib in Resources */ = {isa = PBXBuildFile; fileRef = 16540B73254624DF0052AF00 /* UserTableViewCell.xib */; };
		16540B772546CDBC0052AF00 /* ImageGridCollectionViewController.swift in Sources */ = {isa = PBXBuildFile; fileRef = 16540B762546CDBC0052AF00 /* ImageGridCollectionViewController.swift */; };
		16540B792546CDEE0052AF00 /* imagesDataSource.swift in Sources */ = {isa = PBXBuildFile; fileRef = 16540B782546CDEE0052AF00 /* imagesDataSource.swift */; };
		16540B7C2546D4CB0052AF00 /* GridCollectionViewCell.swift in Sources */ = {isa = PBXBuildFile; fileRef = 16540B7A2546D4CB0052AF00 /* GridCollectionViewCell.swift */; };
		16540B7D2546D4CB0052AF00 /* GridCollectionViewCell.xib in Resources */ = {isa = PBXBuildFile; fileRef = 16540B7B2546D4CB0052AF00 /* GridCollectionViewCell.xib */; };
		16540B812546F40A0052AF00 /* DetailsViewController.swift in Sources */ = {isa = PBXBuildFile; fileRef = 16540B802546F40A0052AF00 /* DetailsViewController.swift */; };
		16540B83254868E70052AF00 /* ImageViewController.swift in Sources */ = {isa = PBXBuildFile; fileRef = 16540B82254868E70052AF00 /* ImageViewController.swift */; };
		16540B84254884300052AF00 /* Pods_SocialApp.framework in Frameworks */ = {isa = PBXBuildFile; fileRef = 65D77D28364AF1202F316362 /* Pods_SocialApp.framework */; };
		16540B85254884300052AF00 /* Pods_SocialApp.framework in Embed Frameworks */ = {isa = PBXBuildFile; fileRef = 65D77D28364AF1202F316362 /* Pods_SocialApp.framework */; settings = {ATTRIBUTES = (RemoveHeadersOnCopy, ); }; };
		16540B8C254B064D0052AF00 /* AddUserTableViewController.swift in Sources */ = {isa = PBXBuildFile; fileRef = 16540B8B254B064D0052AF00 /* AddUserTableViewController.swift */; };
		16C5B4DC2552122600EB4D5A /* HeaderCollectionView.swift in Sources */ = {isa = PBXBuildFile; fileRef = 16C5B4DA2552122600EB4D5A /* HeaderCollectionView.swift */; };
		16C5B4DD2552122600EB4D5A /* HeaderCollectionView.xib in Resources */ = {isa = PBXBuildFile; fileRef = 16C5B4DB2552122600EB4D5A /* HeaderCollectionView.xib */; };
/* End PBXBuildFile section */

/* Begin PBXCopyFilesBuildPhase section */
		16540B86254884300052AF00 /* Embed Frameworks */ = {
			isa = PBXCopyFilesBuildPhase;
			buildActionMask = 2147483647;
			dstPath = "";
			dstSubfolderSpec = 10;
			files = (
				16540B85254884300052AF00 /* Pods_SocialApp.framework in Embed Frameworks */,
			);
			name = "Embed Frameworks";
			runOnlyForDeploymentPostprocessing = 0;
		};
/* End PBXCopyFilesBuildPhase section */

/* Begin PBXFileReference section */
		16540B472545A6510052AF00 /* SocialApp.app */ = {isa = PBXFileReference; explicitFileType = wrapper.application; includeInIndex = 0; path = SocialApp.app; sourceTree = BUILT_PRODUCTS_DIR; };
		16540B4A2545A6510052AF00 /* AppDelegate.swift */ = {isa = PBXFileReference; lastKnownFileType = sourcecode.swift; path = AppDelegate.swift; sourceTree = "<group>"; };
		16540B4C2545A6510052AF00 /* SceneDelegate.swift */ = {isa = PBXFileReference; lastKnownFileType = sourcecode.swift; path = SceneDelegate.swift; sourceTree = "<group>"; };
		16540B512545A6510052AF00 /* Base */ = {isa = PBXFileReference; lastKnownFileType = file.storyboard; name = Base; path = Base.lproj/Main.storyboard; sourceTree = "<group>"; };
		16540B532545A6540052AF00 /* Assets.xcassets */ = {isa = PBXFileReference; lastKnownFileType = folder.assetcatalog; path = Assets.xcassets; sourceTree = "<group>"; };
		16540B562545A6540052AF00 /* Base */ = {isa = PBXFileReference; lastKnownFileType = file.storyboard; name = Base; path = Base.lproj/LaunchScreen.storyboard; sourceTree = "<group>"; };
		16540B582545A6540052AF00 /* Info.plist */ = {isa = PBXFileReference; lastKnownFileType = text.plist.xml; path = Info.plist; sourceTree = "<group>"; };
		16540B642545D9920052AF00 /* UsersListViewController.swift */ = {isa = PBXFileReference; lastKnownFileType = sourcecode.swift; path = UsersListViewController.swift; sourceTree = "<group>"; };
		16540B662545D9C90052AF00 /* usersDataSource.swift */ = {isa = PBXFileReference; lastKnownFileType = sourcecode.swift; path = usersDataSource.swift; sourceTree = "<group>"; };
		16540B692545DA820052AF00 /* User.swift */ = {isa = PBXFileReference; lastKnownFileType = sourcecode.swift; path = User.swift; sourceTree = "<group>"; };
		16540B72254624DF0052AF00 /* UserTableViewCell.swift */ = {isa = PBXFileReference; lastKnownFileType = sourcecode.swift; path = UserTableViewCell.swift; sourceTree = "<group>"; };
		16540B73254624DF0052AF00 /* UserTableViewCell.xib */ = {isa = PBXFileReference; lastKnownFileType = file.xib; path = UserTableViewCell.xib; sourceTree = "<group>"; };
		16540B762546CDBC0052AF00 /* ImageGridCollectionViewController.swift */ = {isa = PBXFileReference; lastKnownFileType = sourcecode.swift; path = ImageGridCollectionViewController.swift; sourceTree = "<group>"; };
		16540B782546CDEE0052AF00 /* imagesDataSource.swift */ = {isa = PBXFileReference; lastKnownFileType = sourcecode.swift; path = imagesDataSource.swift; sourceTree = "<group>"; };
		16540B7A2546D4CB0052AF00 /* GridCollectionViewCell.swift */ = {isa = PBXFileReference; lastKnownFileType = sourcecode.swift; path = GridCollectionViewCell.swift; sourceTree = "<group>"; };
		16540B7B2546D4CB0052AF00 /* GridCollectionViewCell.xib */ = {isa = PBXFileReference; lastKnownFileType = file.xib; path = GridCollectionViewCell.xib; sourceTree = "<group>"; };
		16540B802546F40A0052AF00 /* DetailsViewController.swift */ = {isa = PBXFileReference; lastKnownFileType = sourcecode.swift; path = DetailsViewController.swift; sourceTree = "<group>"; };
		16540B82254868E70052AF00 /* ImageViewController.swift */ = {isa = PBXFileReference; lastKnownFileType = sourcecode.swift; path = ImageViewController.swift; sourceTree = "<group>"; };
		16540B8B254B064D0052AF00 /* AddUserTableViewController.swift */ = {isa = PBXFileReference; lastKnownFileType = sourcecode.swift; name = AddUserTableViewController.swift; path = /Users/asal3/Task3/SocialApp/SocialApp/AddUserTableViewController.swift; sourceTree = "<absolute>"; };
		16C5B4DA2552122600EB4D5A /* HeaderCollectionView.swift */ = {isa = PBXFileReference; lastKnownFileType = sourcecode.swift; name = HeaderCollectionView.swift; path = Pods/HeaderCollectionView.swift; sourceTree = SOURCE_ROOT; };
		16C5B4DB2552122600EB4D5A /* HeaderCollectionView.xib */ = {isa = PBXFileReference; lastKnownFileType = file.xib; name = HeaderCollectionView.xib; path = Pods/HeaderCollectionView.xib; sourceTree = SOURCE_ROOT; };
		65D77D28364AF1202F316362 /* Pods_SocialApp.framework */ = {isa = PBXFileReference; explicitFileType = wrapper.framework; includeInIndex = 0; path = Pods_SocialApp.framework; sourceTree = BUILT_PRODUCTS_DIR; };
		75A33C90CB265C379B9F4883 /* Pods-SocialApp.debug.xcconfig */ = {isa = PBXFileReference; includeInIndex = 1; lastKnownFileType = text.xcconfig; name = "Pods-SocialApp.debug.xcconfig"; path = "Target Support Files/Pods-SocialApp/Pods-SocialApp.debug.xcconfig"; sourceTree = "<group>"; };
		9FC58691FFDF47B0F090501B /* Pods-SocialApp.release.xcconfig */ = {isa = PBXFileReference; includeInIndex = 1; lastKnownFileType = text.xcconfig; name = "Pods-SocialApp.release.xcconfig"; path = "Target Support Files/Pods-SocialApp/Pods-SocialApp.release.xcconfig"; sourceTree = "<group>"; };
/* End PBXFileReference section */

/* Begin PBXFrameworksBuildPhase section */
		16540B442545A6510052AF00 /* Frameworks */ = {
			isa = PBXFrameworksBuildPhase;
			buildActionMask = 2147483647;
			files = (
				16540B84254884300052AF00 /* Pods_SocialApp.framework in Frameworks */,
			);
			runOnlyForDeploymentPostprocessing = 0;
		};
/* End PBXFrameworksBuildPhase section */

/* Begin PBXGroup section */
		16540B3E2545A6510052AF00 = {
			isa = PBXGroup;
			children = (
				16540B492545A6510052AF00 /* SocialApp */,
				16540B482545A6510052AF00 /* Products */,
				D2F85C0C9E981677934B84E9 /* Pods */,
				29D1DFD0D4C180A8A803EA99 /* Frameworks */,
			);
			sourceTree = "<group>";
		};
		16540B482545A6510052AF00 /* Products */ = {
			isa = PBXGroup;
			children = (
				16540B472545A6510052AF00 /* SocialApp.app */,
			);
			name = Products;
			sourceTree = "<group>";
		};
		16540B492545A6510052AF00 /* SocialApp */ = {
			isa = PBXGroup;
			children = (
				16540B8B254B064D0052AF00 /* AddUserTableViewController.swift */,
				16540B82254868E70052AF00 /* ImageViewController.swift */,
				16540B802546F40A0052AF00 /* DetailsViewController.swift */,
				16540B6B2545DA980052AF00 /* Model */,
				16540B682545D9DC0052AF00 /* DataSources */,
				16540B5E2545B1650052AF00 /* extraFiles */,
				16540B502545A6510052AF00 /* Main.storyboard */,
				16540B762546CDBC0052AF00 /* ImageGridCollectionViewController.swift */,
				16540B642545D9920052AF00 /* UsersListViewController.swift */,
				16540B6D2545E4450052AF00 /* Views */,
				16540B532545A6540052AF00 /* Assets.xcassets */,
				16540B552545A6540052AF00 /* LaunchScreen.storyboard */,
				16540B582545A6540052AF00 /* Info.plist */,
			);
			path = SocialApp;
			sourceTree = "<group>";
		};
		16540B5E2545B1650052AF00 /* extraFiles */ = {
			isa = PBXGroup;
			children = (
				16540B4A2545A6510052AF00 /* AppDelegate.swift */,
				16540B4C2545A6510052AF00 /* SceneDelegate.swift */,
			);
			path = extraFiles;
			sourceTree = "<group>";
		};
		16540B682545D9DC0052AF00 /* DataSources */ = {
			isa = PBXGroup;
			children = (
				16540B782546CDEE0052AF00 /* imagesDataSource.swift */,
				16540B662545D9C90052AF00 /* usersDataSource.swift */,
			);
			path = DataSources;
			sourceTree = "<group>";
		};
		16540B6B2545DA980052AF00 /* Model */ = {
			isa = PBXGroup;
			children = (
				16540B692545DA820052AF00 /* User.swift */,
			);
			path = Model;
			sourceTree = "<group>";
		};
		16540B6D2545E4450052AF00 /* Views */ = {
			isa = PBXGroup;
			children = (
				16C5B4DA2552122600EB4D5A /* HeaderCollectionView.swift */,
				16C5B4DB2552122600EB4D5A /* HeaderCollectionView.xib */,
				16540B7A2546D4CB0052AF00 /* GridCollectionViewCell.swift */,
				16540B7B2546D4CB0052AF00 /* GridCollectionViewCell.xib */,
				16540B72254624DF0052AF00 /* UserTableViewCell.swift */,
				16540B73254624DF0052AF00 /* UserTableViewCell.xib */,
			);
			path = Views;
			sourceTree = "<group>";
		};
		29D1DFD0D4C180A8A803EA99 /* Frameworks */ = {
			isa = PBXGroup;
			children = (
				65D77D28364AF1202F316362 /* Pods_SocialApp.framework */,
			);
			name = Frameworks;
			sourceTree = "<group>";
		};
		D2F85C0C9E981677934B84E9 /* Pods */ = {
			isa = PBXGroup;
			children = (
				75A33C90CB265C379B9F4883 /* Pods-SocialApp.debug.xcconfig */,
				9FC58691FFDF47B0F090501B /* Pods-SocialApp.release.xcconfig */,
			);
			path = Pods;
			sourceTree = "<group>";
		};
/* End PBXGroup section */

/* Begin PBXNativeTarget section */
		16540B462545A6510052AF00 /* SocialApp */ = {
			isa = PBXNativeTarget;
			buildConfigurationList = 16540B5B2545A6540052AF00 /* Build configuration list for PBXNativeTarget "SocialApp" */;
			buildPhases = (
				99BA5352629495B243439F2F /* [CP] Check Pods Manifest.lock */,
				16540B432545A6510052AF00 /* Sources */,
				16540B442545A6510052AF00 /* Frameworks */,
				16540B452545A6510052AF00 /* Resources */,
				E060883B423BB0A812D681BA /* [CP] Embed Pods Frameworks */,
				16540B86254884300052AF00 /* Embed Frameworks */,
			);
			buildRules = (
			);
			dependencies = (
			);
			name = SocialApp;
			productName = SocialApp;
			productReference = 16540B472545A6510052AF00 /* SocialApp.app */;
			productType = "com.apple.product-type.application";
		};
/* End PBXNativeTarget section */

/* Begin PBXProject section */
		16540B3F2545A6510052AF00 /* Project object */ = {
			isa = PBXProject;
			attributes = {
				LastSwiftUpdateCheck = 1170;
				LastUpgradeCheck = 1170;
				ORGANIZATIONNAME = "Asal 3";
				TargetAttributes = {
					16540B462545A6510052AF00 = {
						CreatedOnToolsVersion = 11.7;
					};
				};
			};
			buildConfigurationList = 16540B422545A6510052AF00 /* Build configuration list for PBXProject "SocialApp" */;
			compatibilityVersion = "Xcode 9.3";
			developmentRegion = en;
			hasScannedForEncodings = 0;
			knownRegions = (
				en,
				Base,
			);
			mainGroup = 16540B3E2545A6510052AF00;
			productRefGroup = 16540B482545A6510052AF00 /* Products */;
			projectDirPath = "";
			projectRoot = "";
			targets = (
				16540B462545A6510052AF00 /* SocialApp */,
			);
		};
/* End PBXProject section */

/* Begin PBXResourcesBuildPhase section */
		16540B452545A6510052AF00 /* Resources */ = {
			isa = PBXResourcesBuildPhase;
			buildActionMask = 2147483647;
			files = (
				16540B75254624DF0052AF00 /* UserTableViewCell.xib in Resources */,
				16C5B4DD2552122600EB4D5A /* HeaderCollectionView.xib in Resources */,
				16540B572545A6540052AF00 /* LaunchScreen.storyboard in Resources */,
				16540B542545A6540052AF00 /* Assets.xcassets in Resources */,
				16540B7D2546D4CB0052AF00 /* GridCollectionViewCell.xib in Resources */,
				16540B522545A6510052AF00 /* Main.storyboard in Resources */,
			);
			runOnlyForDeploymentPostprocessing = 0;
		};
/* End PBXResourcesBuildPhase section */

/* Begin PBXShellScriptBuildPhase section */
		99BA5352629495B243439F2F /* [CP] Check Pods Manifest.lock */ = {
			isa = PBXShellScriptBuildPhase;
			buildActionMask = 2147483647;
			files = (
			);
			inputFileListPaths = (
			);
			inputPaths = (
				"${PODS_PODFILE_DIR_PATH}/Podfile.lock",
				"${PODS_ROOT}/Manifest.lock",
			);
			name = "[CP] Check Pods Manifest.lock";
			outputFileListPaths = (
			);
			outputPaths = (
				"$(DERIVED_FILE_DIR)/Pods-SocialApp-checkManifestLockResult.txt",
			);
			runOnlyForDeploymentPostprocessing = 0;
			shellPath = /bin/sh;
			shellScript = "diff \"${PODS_PODFILE_DIR_PATH}/Podfile.lock\" \"${PODS_ROOT}/Manifest.lock\" > /dev/null\nif [ $? != 0 ] ; then\n    # print error to STDERR\n    echo \"error: The sandbox is not in sync with the Podfile.lock. Run 'pod install' or update your CocoaPods installation.\" >&2\n    exit 1\nfi\n# This output is used by Xcode 'outputs' to avoid re-running this script phase.\necho \"SUCCESS\" > \"${SCRIPT_OUTPUT_FILE_0}\"\n";
			showEnvVarsInLog = 0;
		};
		E060883B423BB0A812D681BA /* [CP] Embed Pods Frameworks */ = {
			isa = PBXShellScriptBuildPhase;
			buildActionMask = 2147483647;
			files = (
			);
			inputFileListPaths = (
				"${PODS_ROOT}/Target Support Files/Pods-SocialApp/Pods-SocialApp-frameworks-${CONFIGURATION}-input-files.xcfilelist",
			);
			name = "[CP] Embed Pods Frameworks";
			outputFileListPaths = (
				"${PODS_ROOT}/Target Support Files/Pods-SocialApp/Pods-SocialApp-frameworks-${CONFIGURATION}-output-files.xcfilelist",
			);
			runOnlyForDeploymentPostprocessing = 0;
			shellPath = /bin/sh;
			shellScript = "\"${PODS_ROOT}/Target Support Files/Pods-SocialApp/Pods-SocialApp-frameworks.sh\"\n";
			showEnvVarsInLog = 0;
		};
/* End PBXShellScriptBuildPhase section */

/* Begin PBXSourcesBuildPhase section */
		16540B432545A6510052AF00 /* Sources */ = {
			isa = PBXSourcesBuildPhase;
			buildActionMask = 2147483647;
			files = (
				16540B652545D9920052AF00 /* UsersListViewController.swift in Sources */,
				16540B74254624DF0052AF00 /* UserTableViewCell.swift in Sources */,
				16540B812546F40A0052AF00 /* DetailsViewController.swift in Sources */,
				16540B672545D9C90052AF00 /* usersDataSource.swift in Sources */,
				16540B8C254B064D0052AF00 /* AddUserTableViewController.swift in Sources */,
				16C5B4DC2552122600EB4D5A /* HeaderCollectionView.swift in Sources */,
				16540B7C2546D4CB0052AF00 /* GridCollectionViewCell.swift in Sources */,
				16540B4B2545A6510052AF00 /* AppDelegate.swift in Sources */,
				16540B4D2545A6510052AF00 /* SceneDelegate.swift in Sources */,
				16540B792546CDEE0052AF00 /* imagesDataSource.swift in Sources */,
				16540B772546CDBC0052AF00 /* ImageGridCollectionViewController.swift in Sources */,
				16540B83254868E70052AF00 /* ImageViewController.swift in Sources */,
				16540B6A2545DA820052AF00 /* User.swift in Sources */,
			);
			runOnlyForDeploymentPostprocessing = 0;
		};
/* End PBXSourcesBuildPhase section */

/* Begin PBXVariantGroup section */
		16540B502545A6510052AF00 /* Main.storyboard */ = {
			isa = PBXVariantGroup;
			children = (
				16540B512545A6510052AF00 /* Base */,
			);
			name = Main.storyboard;
			sourceTree = "<group>";
		};
		16540B552545A6540052AF00 /* LaunchScreen.storyboard */ = {
			isa = PBXVariantGroup;
			children = (
				16540B562545A6540052AF00 /* Base */,
			);
			name = LaunchScreen.storyboard;
			sourceTree = "<group>";
		};
/* End PBXVariantGroup section */

/* Begin XCBuildConfiguration section */
		16540B592545A6540052AF00 /* Debug */ = {
			isa = XCBuildConfiguration;
			buildSettings = {
				ALWAYS_SEARCH_USER_PATHS = NO;
				CLANG_ANALYZER_NONNULL = YES;
				CLANG_ANALYZER_NUMBER_OBJECT_CONVERSION = YES_AGGRESSIVE;
				CLANG_CXX_LANGUAGE_STANDARD = "gnu++14";
				CLANG_CXX_LIBRARY = "libc++";
				CLANG_ENABLE_MODULES = YES;
				CLANG_ENABLE_OBJC_ARC = YES;
				CLANG_ENABLE_OBJC_WEAK = YES;
				CLANG_WARN_BLOCK_CAPTURE_AUTORELEASING = YES;
				CLANG_WARN_BOOL_CONVERSION = YES;
				CLANG_WARN_COMMA = YES;
				CLANG_WARN_CONSTANT_CONVERSION = YES;
				CLANG_WARN_DEPRECATED_OBJC_IMPLEMENTATIONS = YES;
				CLANG_WARN_DIRECT_OBJC_ISA_USAGE = YES_ERROR;
				CLANG_WARN_DOCUMENTATION_COMMENTS = YES;
				CLANG_WARN_EMPTY_BODY = YES;
				CLANG_WARN_ENUM_CONVERSION = YES;
				CLANG_WARN_INFINITE_RECURSION = YES;
				CLANG_WARN_INT_CONVERSION = YES;
				CLANG_WARN_NON_LITERAL_NULL_CONVERSION = YES;
				CLANG_WARN_OBJC_IMPLICIT_RETAIN_SELF = YES;
				CLANG_WARN_OBJC_LITERAL_CONVERSION = YES;
				CLANG_WARN_OBJC_ROOT_CLASS = YES_ERROR;
				CLANG_WARN_RANGE_LOOP_ANALYSIS = YES;
				CLANG_WARN_STRICT_PROTOTYPES = YES;
				CLANG_WARN_SUSPICIOUS_MOVE = YES;
				CLANG_WARN_UNGUARDED_AVAILABILITY = YES_AGGRESSIVE;
				CLANG_WARN_UNREACHABLE_CODE = YES;
				CLANG_WARN__DUPLICATE_METHOD_MATCH = YES;
				COPY_PHASE_STRIP = NO;
				DEBUG_INFORMATION_FORMAT = dwarf;
				ENABLE_STRICT_OBJC_MSGSEND = YES;
				ENABLE_TESTABILITY = YES;
				GCC_C_LANGUAGE_STANDARD = gnu11;
				GCC_DYNAMIC_NO_PIC = NO;
				GCC_NO_COMMON_BLOCKS = YES;
				GCC_OPTIMIZATION_LEVEL = 0;
				GCC_PREPROCESSOR_DEFINITIONS = (
					"DEBUG=1",
					"$(inherited)",
				);
				GCC_WARN_64_TO_32_BIT_CONVERSION = YES;
				GCC_WARN_ABOUT_RETURN_TYPE = YES_ERROR;
				GCC_WARN_UNDECLARED_SELECTOR = YES;
				GCC_WARN_UNINITIALIZED_AUTOS = YES_AGGRESSIVE;
				GCC_WARN_UNUSED_FUNCTION = YES;
				GCC_WARN_UNUSED_VARIABLE = YES;
				IPHONEOS_DEPLOYMENT_TARGET = 13.7;
				MTL_ENABLE_DEBUG_INFO = INCLUDE_SOURCE;
				MTL_FAST_MATH = YES;
				ONLY_ACTIVE_ARCH = YES;
				SDKROOT = iphoneos;
				SWIFT_ACTIVE_COMPILATION_CONDITIONS = DEBUG;
				SWIFT_OPTIMIZATION_LEVEL = "-Onone";
			};
			name = Debug;
		};
		16540B5A2545A6540052AF00 /* Release */ = {
			isa = XCBuildConfiguration;
			buildSettings = {
				ALWAYS_SEARCH_USER_PATHS = NO;
				CLANG_ANALYZER_NONNULL = YES;
				CLANG_ANALYZER_NUMBER_OBJECT_CONVERSION = YES_AGGRESSIVE;
				CLANG_CXX_LANGUAGE_STANDARD = "gnu++14";
				CLANG_CXX_LIBRARY = "libc++";
				CLANG_ENABLE_MODULES = YES;
				CLANG_ENABLE_OBJC_ARC = YES;
				CLANG_ENABLE_OBJC_WEAK = YES;
				CLANG_WARN_BLOCK_CAPTURE_AUTORELEASING = YES;
				CLANG_WARN_BOOL_CONVERSION = YES;
				CLANG_WARN_COMMA = YES;
				CLANG_WARN_CONSTANT_CONVERSION = YES;
				CLANG_WARN_DEPRECATED_OBJC_IMPLEMENTATIONS = YES;
				CLANG_WARN_DIRECT_OBJC_ISA_USAGE = YES_ERROR;
				CLANG_WARN_DOCUMENTATION_COMMENTS = YES;
				CLANG_WARN_EMPTY_BODY = YES;
				CLANG_WARN_ENUM_CONVERSION = YES;
				CLANG_WARN_INFINITE_RECURSION = YES;
				CLANG_WARN_INT_CONVERSION = YES;
				CLANG_WARN_NON_LITERAL_NULL_CONVERSION = YES;
				CLANG_WARN_OBJC_IMPLICIT_RETAIN_SELF = YES;
				CLANG_WARN_OBJC_LITERAL_CONVERSION = YES;
				CLANG_WARN_OBJC_ROOT_CLASS = YES_ERROR;
				CLANG_WARN_RANGE_LOOP_ANALYSIS = YES;
				CLANG_WARN_STRICT_PROTOTYPES = YES;
				CLANG_WARN_SUSPICIOUS_MOVE = YES;
				CLANG_WARN_UNGUARDED_AVAILABILITY = YES_AGGRESSIVE;
				CLANG_WARN_UNREACHABLE_CODE = YES;
				CLANG_WARN__DUPLICATE_METHOD_MATCH = YES;
				COPY_PHASE_STRIP = NO;
				DEBUG_INFORMATION_FORMAT = "dwarf-with-dsym";
				ENABLE_NS_ASSERTIONS = NO;
				ENABLE_STRICT_OBJC_MSGSEND = YES;
				GCC_C_LANGUAGE_STANDARD = gnu11;
				GCC_NO_COMMON_BLOCKS = YES;
				GCC_WARN_64_TO_32_BIT_CONVERSION = YES;
				GCC_WARN_ABOUT_RETURN_TYPE = YES_ERROR;
				GCC_WARN_UNDECLARED_SELECTOR = YES;
				GCC_WARN_UNINITIALIZED_AUTOS = YES_AGGRESSIVE;
				GCC_WARN_UNUSED_FUNCTION = YES;
				GCC_WARN_UNUSED_VARIABLE = YES;
				IPHONEOS_DEPLOYMENT_TARGET = 13.7;
				MTL_ENABLE_DEBUG_INFO = NO;
				MTL_FAST_MATH = YES;
				SDKROOT = iphoneos;
				SWIFT_COMPILATION_MODE = wholemodule;
				SWIFT_OPTIMIZATION_LEVEL = "-O";
				VALIDATE_PRODUCT = YES;
			};
			name = Release;
		};
		16540B5C2545A6540052AF00 /* Debug */ = {
			isa = XCBuildConfiguration;
			baseConfigurationReference = 75A33C90CB265C379B9F4883 /* Pods-SocialApp.debug.xcconfig */;
			buildSettings = {
				ASSETCATALOG_COMPILER_APPICON_NAME = AppIcon;
				CODE_SIGN_STYLE = Automatic;
				INFOPLIST_FILE = SocialApp/Info.plist;
				LD_RUNPATH_SEARCH_PATHS = (
					"$(inherited)",
					"@executable_path/Frameworks",
				);
				PRODUCT_BUNDLE_IDENTIFIER = com.Nura.SocialApp;
				PRODUCT_NAME = "$(TARGET_NAME)";
				SWIFT_VERSION = 5.0;
				TARGETED_DEVICE_FAMILY = "1,2";
			};
			name = Debug;
		};
		16540B5D2545A6540052AF00 /* Release */ = {
			isa = XCBuildConfiguration;
			baseConfigurationReference = 9FC58691FFDF47B0F090501B /* Pods-SocialApp.release.xcconfig */;
			buildSettings = {
				ASSETCATALOG_COMPILER_APPICON_NAME = AppIcon;
				CODE_SIGN_STYLE = Automatic;
				INFOPLIST_FILE = SocialApp/Info.plist;
				LD_RUNPATH_SEARCH_PATHS = (
					"$(inherited)",
					"@executable_path/Frameworks",
				);
				PRODUCT_BUNDLE_IDENTIFIER = com.Nura.SocialApp;
				PRODUCT_NAME = "$(TARGET_NAME)";
				SWIFT_VERSION = 5.0;
				TARGETED_DEVICE_FAMILY = "1,2";
			};
			name = Release;
		};
/* End XCBuildConfiguration section */

/* Begin XCConfigurationList section */
		16540B422545A6510052AF00 /* Build configuration list for PBXProject "SocialApp" */ = {
			isa = XCConfigurationList;
			buildConfigurations = (
				16540B592545A6540052AF00 /* Debug */,
				16540B5A2545A6540052AF00 /* Release */,
			);
			defaultConfigurationIsVisible = 0;
			defaultConfigurationName = Release;
		};
		16540B5B2545A6540052AF00 /* Build configuration list for PBXNativeTarget "SocialApp" */ = {
			isa = XCConfigurationList;
			buildConfigurations = (
				16540B5C2545A6540052AF00 /* Debug */,
				16540B5D2545A6540052AF00 /* Release */,
			);
			defaultConfigurationIsVisible = 0;
			defaultConfigurationName = Release;
		};
/* End XCConfigurationList section */
	};
	rootObject = 16540B3F2545A6510052AF00 /* Project object */;
}
